<?xml version="1.0" encoding="UTF-8" standalone="yes" ?>
<CodeBlocks_project_file>
	<FileVersion major="1" minor="6" />
	<Project>
		<Option title="bai3.2" />
		<Option pch_mode="2" />
		<Option compiler="gcc" />
		<Build>
			<Target title="Debug">
				<Option output="bin/Debug/bai3.2" prefix_auto="1" extension_auto="1" />
				<Option object_output="obj/Debug/" />
				<Option type="1" />
				<Option compiler="gcc" />
				<Compiler>
					<Add option="-g" />
				</Compiler>
			</Target>
			<Target title="Release">
				<Option output="bin/Release/bai3.2" prefix_auto="1" extension_auto="1" />
				<Option object_output="obj/Release/" />
				<Option type="1" />
				<Option compiler="gcc" />
				<Compiler>
					<Add option="-O2" />
				</Compiler>
				<Linker>
					<Add option="-s" />
				</Linker>
			</Target>
		</Build>
		<Compiler>
			<Add option="-Wall" />
			<Add option="-fexceptions" />
		</Compiler>
		<Unit filename="Advisor.cpp" />
		<Unit filename="Advisor.h" />
		<Unit filename="Board.cpp" />
		<Unit filename="Board.h" />
		<Unit filename="Cannon.cpp" />
		<Unit filename="Cannon.h" />
		<Unit filename="Chariot.cpp" />
		<Unit filename="Chariot.h" />
		<Unit filename="Elephant.cpp" />
		<Unit filename="Elephant.h" />
		<Unit filename="Horse.cpp" />
		<Unit filename="Horse.h" />
		<Unit filename="King.cpp" />
		<Unit filename="King.h" />
		<Unit filename="Pawn.cpp" />
		<Unit filename="Pawn.h" />
		<Unit filename="Piece.cpp" />
		<Unit filename="Piece.h" />
		<Unit filename="main.cpp" />
		<Extensions>
			<lib_finder disable_auto="1" />
		</Extensions>
	</Project>
</CodeBlocks_project_file>
